// !$*UTF8*$!
{
	archiveVersion = 1;
	classes = {
	};
	objectVersion = 46;
	objects = {

/* Begin PBXBuildFile section */
		E01C209419B51CDE0001BAA3 /* AVFoundation.framework in Frameworks */ = {isa = PBXBuildFile; fileRef = E01C209319B51CDE0001BAA3 /* AVFoundation.framework */; };
		E03D475F19C6644900901CD1 /* PlaylistSelectController.swift in Sources */ = {isa = PBXBuildFile; fileRef = E03D475E19C6644900901CD1 /* PlaylistSelectController.swift */; };
		E05007961BB0E4C4000949A4 /* Spotify.framework in Frameworks */ = {isa = PBXBuildFile; fileRef = E05007951BB0E4C4000949A4 /* Spotify.framework */; settings = {ASSET_TAGS = (); }; };
		E05007981BB0FF90000949A4 /* Launch Screen.storyboard in Resources */ = {isa = PBXBuildFile; fileRef = E05007971BB0FF90000949A4 /* Launch Screen.storyboard */; settings = {ASSET_TAGS = (); }; };
		E050079A1BB103F5000949A4 /* GlobalPlayer.swift in Sources */ = {isa = PBXBuildFile; fileRef = E05007991BB103F5000949A4 /* GlobalPlayer.swift */; settings = {ASSET_TAGS = (); }; };
		E0B77E5A1A12FB78004C5DFC /* PlaylistDetailController.swift in Sources */ = {isa = PBXBuildFile; fileRef = E0B77E591A12FB78004C5DFC /* PlaylistDetailController.swift */; };
		E0B77E5C1A130A89004C5DFC /* PlaylistDetailController.xib in Resources */ = {isa = PBXBuildFile; fileRef = E0B77E5B1A130A89004C5DFC /* PlaylistDetailController.xib */; };
		E0D291F619906B0A00F0207A /* AppDelegate.swift in Sources */ = {isa = PBXBuildFile; fileRef = E0D291F519906B0A00F0207A /* AppDelegate.swift */; };
		E0D291F819906B0A00F0207A /* NowPlayingController.swift in Sources */ = {isa = PBXBuildFile; fileRef = E0D291F719906B0A00F0207A /* NowPlayingController.swift */; };
		E0D291FB19906B0A00F0207A /* Main.storyboard in Resources */ = {isa = PBXBuildFile; fileRef = E0D291F919906B0A00F0207A /* Main.storyboard */; };
		E0D291FD19906B0A00F0207A /* Images.xcassets in Resources */ = {isa = PBXBuildFile; fileRef = E0D291FC19906B0A00F0207A /* Images.xcassets */; };
		E0D2920919906B0A00F0207A /* SpotifyDJTests.swift in Sources */ = {isa = PBXBuildFile; fileRef = E0D2920819906B0A00F0207A /* SpotifyDJTests.swift */; };
/* End PBXBuildFile section */

/* Begin PBXContainerItemProxy section */
		E0D2920319906B0A00F0207A /* PBXContainerItemProxy */ = {
			isa = PBXContainerItemProxy;
			containerPortal = E0D291E819906B0A00F0207A /* Project object */;
			proxyType = 1;
			remoteGlobalIDString = E0D291EF19906B0A00F0207A;
			remoteInfo = SpotifyDJ;
		};
/* End PBXContainerItemProxy section */

/* Begin PBXFileReference section */
		E01C209219B51ADA0001BAA3 /* SpotifyDJ-Bridging-Header.h */ = {isa = PBXFileReference; fileEncoding = 4; lastKnownFileType = sourcecode.c.h; path = "SpotifyDJ-Bridging-Header.h"; sourceTree = "<group>"; };
		E01C209319B51CDE0001BAA3 /* AVFoundation.framework */ = {isa = PBXFileReference; lastKnownFileType = wrapper.framework; name = AVFoundation.framework; path = System/Library/Frameworks/AVFoundation.framework; sourceTree = SDKROOT; };
		E03D475E19C6644900901CD1 /* PlaylistSelectController.swift */ = {isa = PBXFileReference; fileEncoding = 4; lastKnownFileType = sourcecode.swift; path = PlaylistSelectController.swift; sourceTree = "<group>"; };
		E05007951BB0E4C4000949A4 /* Spotify.framework */ = {isa = PBXFileReference; lastKnownFileType = wrapper.framework; name = Spotify.framework; path = Frameworks/Spotify.framework; sourceTree = "<group>"; };
		E05007971BB0FF90000949A4 /* Launch Screen.storyboard */ = {isa = PBXFileReference; fileEncoding = 4; lastKnownFileType = file.storyboard; path = "Launch Screen.storyboard"; sourceTree = "<group>"; };
		E05007991BB103F5000949A4 /* GlobalPlayer.swift */ = {isa = PBXFileReference; fileEncoding = 4; lastKnownFileType = sourcecode.swift; path = GlobalPlayer.swift; sourceTree = "<group>"; };
		E0B77E591A12FB78004C5DFC /* PlaylistDetailController.swift */ = {isa = PBXFileReference; fileEncoding = 4; lastKnownFileType = sourcecode.swift; path = PlaylistDetailController.swift; sourceTree = "<group>"; };
		E0B77E5B1A130A89004C5DFC /* PlaylistDetailController.xib */ = {isa = PBXFileReference; fileEncoding = 4; lastKnownFileType = file.xib; path = PlaylistDetailController.xib; sourceTree = "<group>"; };
		E0D291F019906B0A00F0207A /* SpotifyDJ.app */ = {isa = PBXFileReference; explicitFileType = wrapper.application; includeInIndex = 0; path = SpotifyDJ.app; sourceTree = BUILT_PRODUCTS_DIR; };
		E0D291F419906B0A00F0207A /* Info.plist */ = {isa = PBXFileReference; lastKnownFileType = text.plist.xml; path = Info.plist; sourceTree = "<group>"; };
		E0D291F519906B0A00F0207A /* AppDelegate.swift */ = {isa = PBXFileReference; lastKnownFileType = sourcecode.swift; path = AppDelegate.swift; sourceTree = "<group>"; };
		E0D291F719906B0A00F0207A /* NowPlayingController.swift */ = {isa = PBXFileReference; lastKnownFileType = sourcecode.swift; path = NowPlayingController.swift; sourceTree = "<group>"; };
		E0D291FA19906B0A00F0207A /* Base */ = {isa = PBXFileReference; lastKnownFileType = file.storyboard; name = Base; path = Base.lproj/Main.storyboard; sourceTree = "<group>"; };
		E0D291FC19906B0A00F0207A /* Images.xcassets */ = {isa = PBXFileReference; lastKnownFileType = folder.assetcatalog; path = Images.xcassets; sourceTree = "<group>"; };
		E0D2920219906B0A00F0207A /* SpotifyDJTests.xctest */ = {isa = PBXFileReference; explicitFileType = wrapper.cfbundle; includeInIndex = 0; path = SpotifyDJTests.xctest; sourceTree = BUILT_PRODUCTS_DIR; };
		E0D2920719906B0A00F0207A /* Info.plist */ = {isa = PBXFileReference; lastKnownFileType = text.plist.xml; path = Info.plist; sourceTree = "<group>"; };
		E0D2920819906B0A00F0207A /* SpotifyDJTests.swift */ = {isa = PBXFileReference; lastKnownFileType = sourcecode.swift; path = SpotifyDJTests.swift; sourceTree = "<group>"; };
/* End PBXFileReference section */

/* Begin PBXFrameworksBuildPhase section */
		E0D291ED19906B0A00F0207A /* Frameworks */ = {
			isa = PBXFrameworksBuildPhase;
			buildActionMask = 2147483647;
			files = (
				E01C209419B51CDE0001BAA3 /* AVFoundation.framework in Frameworks */,
				E05007961BB0E4C4000949A4 /* Spotify.framework in Frameworks */,
			);
			runOnlyForDeploymentPostprocessing = 0;
		};
		E0D291FF19906B0A00F0207A /* Frameworks */ = {
			isa = PBXFrameworksBuildPhase;
			buildActionMask = 2147483647;
			files = (
			);
			runOnlyForDeploymentPostprocessing = 0;
		};
/* End PBXFrameworksBuildPhase section */

/* Begin PBXGroup section */
		E0D291E719906B0A00F0207A = {
			isa = PBXGroup;
			children = (
				E0D2921219906B6600F0207A /* Frameworks */,
				E0D291F219906B0A00F0207A /* SpotifyDJ */,
				E0D2920519906B0A00F0207A /* SpotifyDJTests */,
				E0D291F119906B0A00F0207A /* Products */,
			);
			sourceTree = "<group>";
		};
		E0D291F119906B0A00F0207A /* Products */ = {
			isa = PBXGroup;
			children = (
				E0D291F019906B0A00F0207A /* SpotifyDJ.app */,
				E0D2920219906B0A00F0207A /* SpotifyDJTests.xctest */,
			);
			name = Products;
			sourceTree = "<group>";
		};
		E0D291F219906B0A00F0207A /* SpotifyDJ */ = {
			isa = PBXGroup;
			children = (
				E0D291F519906B0A00F0207A /* AppDelegate.swift */,
				E05007991BB103F5000949A4 /* GlobalPlayer.swift */,
				E0D291F719906B0A00F0207A /* NowPlayingController.swift */,
				E03D475E19C6644900901CD1 /* PlaylistSelectController.swift */,
				E0D291F919906B0A00F0207A /* Main.storyboard */,
				E0B77E591A12FB78004C5DFC /* PlaylistDetailController.swift */,
				E0B77E5B1A130A89004C5DFC /* PlaylistDetailController.xib */,
				E05007971BB0FF90000949A4 /* Launch Screen.storyboard */,
				E0D291FC19906B0A00F0207A /* Images.xcassets */,
				E0D291F319906B0A00F0207A /* Supporting Files */,
			);
			path = SpotifyDJ;
			sourceTree = "<group>";
		};
		E0D291F319906B0A00F0207A /* Supporting Files */ = {
			isa = PBXGroup;
			children = (
				E0D291F419906B0A00F0207A /* Info.plist */,
				E01C209219B51ADA0001BAA3 /* SpotifyDJ-Bridging-Header.h */,
			);
			name = "Supporting Files";
			sourceTree = "<group>";
		};
		E0D2920519906B0A00F0207A /* SpotifyDJTests */ = {
			isa = PBXGroup;
			children = (
				E0D2920819906B0A00F0207A /* SpotifyDJTests.swift */,
				E0D2920619906B0A00F0207A /* Supporting Files */,
			);
			path = SpotifyDJTests;
			sourceTree = "<group>";
		};
		E0D2920619906B0A00F0207A /* Supporting Files */ = {
			isa = PBXGroup;
			children = (
				E0D2920719906B0A00F0207A /* Info.plist */,
			);
			name = "Supporting Files";
			sourceTree = "<group>";
		};
		E0D2921219906B6600F0207A /* Frameworks */ = {
			isa = PBXGroup;
			children = (
				E05007951BB0E4C4000949A4 /* Spotify.framework */,
				E01C209319B51CDE0001BAA3 /* AVFoundation.framework */,
			);
			name = Frameworks;
			sourceTree = "<group>";
		};
/* End PBXGroup section */

/* Begin PBXNativeTarget section */
		E0D291EF19906B0A00F0207A /* SpotifyDJ */ = {
			isa = PBXNativeTarget;
			buildConfigurationList = E0D2920C19906B0A00F0207A /* Build configuration list for PBXNativeTarget "SpotifyDJ" */;
			buildPhases = (
				E0D291EC19906B0A00F0207A /* Sources */,
				E0D291ED19906B0A00F0207A /* Frameworks */,
				E0D291EE19906B0A00F0207A /* Resources */,
			);
			buildRules = (
			);
			dependencies = (
			);
			name = SpotifyDJ;
			productName = SpotifyDJ;
			productReference = E0D291F019906B0A00F0207A /* SpotifyDJ.app */;
			productType = "com.apple.product-type.application";
		};
		E0D2920119906B0A00F0207A /* SpotifyDJTests */ = {
			isa = PBXNativeTarget;
			buildConfigurationList = E0D2920F19906B0A00F0207A /* Build configuration list for PBXNativeTarget "SpotifyDJTests" */;
			buildPhases = (
				E0D291FE19906B0A00F0207A /* Sources */,
				E0D291FF19906B0A00F0207A /* Frameworks */,
				E0D2920019906B0A00F0207A /* Resources */,
			);
			buildRules = (
			);
			dependencies = (
				E0D2920419906B0A00F0207A /* PBXTargetDependency */,
			);
			name = SpotifyDJTests;
			productName = SpotifyDJTests;
			productReference = E0D2920219906B0A00F0207A /* SpotifyDJTests.xctest */;
			productType = "com.apple.product-type.bundle.unit-test";
		};
/* End PBXNativeTarget section */

/* Begin PBXProject section */
		E0D291E819906B0A00F0207A /* Project object */ = {
			isa = PBXProject;
			attributes = {
				LastSwiftMigration = 0700;
				LastSwiftUpdateCheck = 0700;
				LastUpgradeCheck = 0700;
				ORGANIZATIONNAME = "Jason Wilkin";
				TargetAttributes = {
					E0D291EF19906B0A00F0207A = {
						CreatedOnToolsVersion = 6.0;
					};
					E0D2920119906B0A00F0207A = {
						CreatedOnToolsVersion = 6.0;
						TestTargetID = E0D291EF19906B0A00F0207A;
					};
				};
			};
			buildConfigurationList = E0D291EB19906B0A00F0207A /* Build configuration list for PBXProject "SpotifyDJ" */;
			compatibilityVersion = "Xcode 3.2";
			developmentRegion = English;
			hasScannedForEncodings = 0;
			knownRegions = (
				en,
				Base,
			);
			mainGroup = E0D291E719906B0A00F0207A;
			productRefGroup = E0D291F119906B0A00F0207A /* Products */;
			projectDirPath = "";
			projectRoot = "";
			targets = (
				E0D291EF19906B0A00F0207A /* SpotifyDJ */,
				E0D2920119906B0A00F0207A /* SpotifyDJTests */,
			);
		};
/* End PBXProject section */

/* Begin PBXResourcesBuildPhase section */
		E0D291EE19906B0A00F0207A /* Resources */ = {
			isa = PBXResourcesBuildPhase;
			buildActionMask = 2147483647;
			files = (
				E0B77E5C1A130A89004C5DFC /* PlaylistDetailController.xib in Resources */,
				E0D291FB19906B0A00F0207A /* Main.storyboard in Resources */,
				E05007981BB0FF90000949A4 /* Launch Screen.storyboard in Resources */,
				E0D291FD19906B0A00F0207A /* Images.xcassets in Resources */,
			);
			runOnlyForDeploymentPostprocessing = 0;
		};
		E0D2920019906B0A00F0207A /* Resources */ = {
			isa = PBXResourcesBuildPhase;
			buildActionMask = 2147483647;
			files = (
			);
			runOnlyForDeploymentPostprocessing = 0;
		};
/* End PBXResourcesBuildPhase section */

/* Begin PBXSourcesBuildPhase section */
		E0D291EC19906B0A00F0207A /* Sources */ = {
			isa = PBXSourcesBuildPhase;
			buildActionMask = 2147483647;
			files = (
				E050079A1BB103F5000949A4 /* GlobalPlayer.swift in Sources */,
				E0B77E5A1A12FB78004C5DFC /* PlaylistDetailController.swift in Sources */,
				E03D475F19C6644900901CD1 /* PlaylistSelectController.swift in Sources */,
				E0D291F819906B0A00F0207A /* NowPlayingController.swift in Sources */,
				E0D291F619906B0A00F0207A /* AppDelegate.swift in Sources */,
			);
			runOnlyForDeploymentPostprocessing = 0;
		};
		E0D291FE19906B0A00F0207A /* Sources */ = {
			isa = PBXSourcesBuildPhase;
			buildActionMask = 2147483647;
			files = (
				E0D2920919906B0A00F0207A /* SpotifyDJTests.swift in Sources */,
			);
			runOnlyForDeploymentPostprocessing = 0;
		};
/* End PBXSourcesBuildPhase section */

/* Begin PBXTargetDependency section */
		E0D2920419906B0A00F0207A /* PBXTargetDependency */ = {
			isa = PBXTargetDependency;
			target = E0D291EF19906B0A00F0207A /* SpotifyDJ */;
			targetProxy = E0D2920319906B0A00F0207A /* PBXContainerItemProxy */;
		};
/* End PBXTargetDependency section */

/* Begin PBXVariantGroup section */
		E0D291F919906B0A00F0207A /* Main.storyboard */ = {
			isa = PBXVariantGroup;
			children = (
				E0D291FA19906B0A00F0207A /* Base */,
			);
			name = Main.storyboard;
			sourceTree = "<group>";
		};
/* End PBXVariantGroup section */

/* Begin XCBuildConfiguration section */
		E0D2920A19906B0A00F0207A /* Debug */ = {
			isa = XCBuildConfiguration;
			buildSettings = {
				ALWAYS_SEARCH_USER_PATHS = NO;
				CLANG_CXX_LANGUAGE_STANDARD = "gnu++0x";
				CLANG_CXX_LIBRARY = "libc++";
				CLANG_ENABLE_MODULES = YES;
				CLANG_ENABLE_OBJC_ARC = YES;
				CLANG_WARN_BOOL_CONVERSION = YES;
				CLANG_WARN_CONSTANT_CONVERSION = YES;
				CLANG_WARN_DIRECT_OBJC_ISA_USAGE = YES_ERROR;
				CLANG_WARN_EMPTY_BODY = YES;
				CLANG_WARN_ENUM_CONVERSION = YES;
				CLANG_WARN_INT_CONVERSION = YES;
				CLANG_WARN_OBJC_ROOT_CLASS = YES_ERROR;
				CLANG_WARN_UNREACHABLE_CODE = YES;
				CLANG_WARN__DUPLICATE_METHOD_MATCH = YES;
				"CODE_SIGN_IDENTITY[sdk=iphoneos*]" = "iPhone Developer";
				COPY_PHASE_STRIP = NO;
				ENABLE_STRICT_OBJC_MSGSEND = YES;
				ENABLE_TESTABILITY = YES;
				GCC_C_LANGUAGE_STANDARD = gnu99;
				GCC_DYNAMIC_NO_PIC = NO;
				GCC_OPTIMIZATION_LEVEL = 0;
				GCC_PREPROCESSOR_DEFINITIONS = (
					"DEBUG=1",
					"$(inherited)",
				);
				GCC_SYMBOLS_PRIVATE_EXTERN = NO;
				GCC_WARN_64_TO_32_BIT_CONVERSION = YES;
				GCC_WARN_ABOUT_RETURN_TYPE = YES_ERROR;
				GCC_WARN_UNDECLARED_SELECTOR = YES;
				GCC_WARN_UNINITIALIZED_AUTOS = YES_AGGRESSIVE;
				GCC_WARN_UNUSED_FUNCTION = YES;
				GCC_WARN_UNUSED_VARIABLE = YES;
				IPHONEOS_DEPLOYMENT_TARGET = 8.0;
				MTL_ENABLE_DEBUG_INFO = YES;
				ONLY_ACTIVE_ARCH = YES;
				SDKROOT = iphoneos;
				SWIFT_OPTIMIZATION_LEVEL = "-Onone";
			};
			name = Debug;
		};
		E0D2920B19906B0A00F0207A /* Release */ = {
			isa = XCBuildConfiguration;
			buildSettings = {
				ALWAYS_SEARCH_USER_PATHS = NO;
				CLANG_CXX_LANGUAGE_STANDARD = "gnu++0x";
				CLANG_CXX_LIBRARY = "libc++";
				CLANG_ENABLE_MODULES = YES;
				CLANG_ENABLE_OBJC_ARC = YES;
				CLANG_WARN_BOOL_CONVERSION = YES;
				CLANG_WARN_CONSTANT_CONVERSION = YES;
				CLANG_WARN_DIRECT_OBJC_ISA_USAGE = YES_ERROR;
				CLANG_WARN_EMPTY_BODY = YES;
				CLANG_WARN_ENUM_CONVERSION = YES;
				CLANG_WARN_INT_CONVERSION = YES;
				CLANG_WARN_OBJC_ROOT_CLASS = YES_ERROR;
				CLANG_WARN_UNREACHABLE_CODE = YES;
				CLANG_WARN__DUPLICATE_METHOD_MATCH = YES;
				"CODE_SIGN_IDENTITY[sdk=iphoneos*]" = "iPhone Developer";
				COPY_PHASE_STRIP = YES;
				ENABLE_NS_ASSERTIONS = NO;
				ENABLE_STRICT_OBJC_MSGSEND = YES;
				GCC_C_LANGUAGE_STANDARD = gnu99;
				GCC_WARN_64_TO_32_BIT_CONVERSION = YES;
				GCC_WARN_ABOUT_RETURN_TYPE = YES_ERROR;
				GCC_WARN_UNDECLARED_SELECTOR = YES;
				GCC_WARN_UNINITIALIZED_AUTOS = YES_AGGRESSIVE;
				GCC_WARN_UNUSED_FUNCTION = YES;
				GCC_WARN_UNUSED_VARIABLE = YES;
				IPHONEOS_DEPLOYMENT_TARGET = 8.0;
				MTL_ENABLE_DEBUG_INFO = NO;
				SDKROOT = iphoneos;
				VALIDATE_PRODUCT = YES;
			};
			name = Release;
		};
		E0D2920D19906B0A00F0207A /* Debug */ = {
			isa = XCBuildConfiguration;
			buildSettings = {
				ASSETCATALOG_COMPILER_APPICON_NAME = AppIcon;
				FRAMEWORK_SEARCH_PATHS = (
					"$(inherited)",
					"$(PROJECT_DIR)",
					"$(PROJECT_DIR)/SpotifyDJ",
					"$(PROJECT_DIR)/Frameworks",
				);
				INFOPLIST_FILE = SpotifyDJ/Info.plist;
				LD_RUNPATH_SEARCH_PATHS = "$(inherited) @executable_path/Frameworks";
				OTHER_LDFLAGS = "-ObjC";
				PRODUCT_BUNDLE_IDENTIFIER = "com.wilkin.${PRODUCT_NAME:rfc1034identifier}";
				PRODUCT_NAME = "$(TARGET_NAME)";
				SWIFT_OBJC_BRIDGING_HEADER = "/Users/Jasonwil/Projects/ios/SpotifyDJ/SpotifyDJ/SpotifyDJ-Bridging-Header.h";
			};
			name = Debug;
		};
		E0D2920E19906B0A00F0207A /* Release */ = {
			isa = XCBuildConfiguration;
			buildSettings = {
				ASSETCATALOG_COMPILER_APPICON_NAME = AppIcon;
				FRAMEWORK_SEARCH_PATHS = (
					"$(inherited)",
					"$(PROJECT_DIR)",
					"$(PROJECT_DIR)/SpotifyDJ",
					"$(PROJECT_DIR)/Frameworks",
				);
				INFOPLIST_FILE = SpotifyDJ/Info.plist;
				LD_RUNPATH_SEARCH_PATHS = "$(inherited) @executable_path/Frameworks";
				OTHER_LDFLAGS = "-ObjC";
				PRODUCT_BUNDLE_IDENTIFIER = "com.wilkin.${PRODUCT_NAME:rfc1034identifier}";
				PRODUCT_NAME = "$(TARGET_NAME)";
				SWIFT_OBJC_BRIDGING_HEADER = "/Users/Jasonwil/Projects/ios/SpotifyDJ/SpotifyDJ/SpotifyDJ-Bridging-Header.h";
			};
			name = Release;
		};
		E0D2921019906B0A00F0207A /* Debug */ = {
			isa = XCBuildConfiguration;
			buildSettings = {
				BUNDLE_LOADER = "$(BUILT_PRODUCTS_DIR)/SpotifyDJ.app/SpotifyDJ";
				FRAMEWORK_SEARCH_PATHS = (
					"$(SDKROOT)/Developer/Library/Frameworks",
					"$(inherited)",
				);
				GCC_PREPROCESSOR_DEFINITIONS = (
					"DEBUG=1",
					"$(inherited)",
				);
				INFOPLIST_FILE = SpotifyDJTests/Info.plist;
				LD_RUNPATH_SEARCH_PATHS = "$(inherited) @executable_path/Frameworks @loader_path/Frameworks";
				PRODUCT_BUNDLE_IDENTIFIER = "com.wilkin.${PRODUCT_NAME:rfc1034identifier}";
				PRODUCT_NAME = "$(TARGET_NAME)";
				TEST_HOST = "$(BUNDLE_LOADER)";
			};
			name = Debug;
		};
		E0D2921119906B0A00F0207A /* Release */ = {
			isa = XCBuildConfiguration;
			buildSettings = {
				BUNDLE_LOADER = "$(BUILT_PRODUCTS_DIR)/SpotifyDJ.app/SpotifyDJ";
				FRAMEWORK_SEARCH_PATHS = (
					"$(SDKROOT)/Developer/Library/Frameworks",
					"$(inherited)",
				);
				INFOPLIST_FILE = SpotifyDJTests/Info.plist;
				LD_RUNPATH_SEARCH_PATHS = "$(inherited) @executable_path/Frameworks @loader_path/Frameworks";
				PRODUCT_BUNDLE_IDENTIFIER = "com.wilkin.${PRODUCT_NAME:rfc1034identifier}";
				PRODUCT_NAME = "$(TARGET_NAME)";
				TEST_HOST = "$(BUNDLE_LOADER)";
			};
			name = Release;
		};
/* End XCBuildConfiguration section */

/* Begin XCConfigurationList section */
		E0D291EB19906B0A00F0207A /* Build configuration list for PBXProject "SpotifyDJ" */ = {
			isa = XCConfigurationList;
			buildConfigurations = (
				E0D2920A19906B0A00F0207A /* Debug */,
				E0D2920B19906B0A00F0207A /* Release */,
			);
			defaultConfigurationIsVisible = 0;
			defaultConfigurationName = Release;
		};
		E0D2920C19906B0A00F0207A /* Build configuration list for PBXNativeTarget "SpotifyDJ" */ = {
			isa = XCConfigurationList;
			buildConfigurations = (
				E0D2920D19906B0A00F0207A /* Debug */,
				E0D2920E19906B0A00F0207A /* Release */,
			);
			defaultConfigurationIsVisible = 0;
			defaultConfigurationName = Release;
		};
		E0D2920F19906B0A00F0207A /* Build configuration list for PBXNativeTarget "SpotifyDJTests" */ = {
			isa = XCConfigurationList;
			buildConfigurations = (
				E0D2921019906B0A00F0207A /* Debug */,
				E0D2921119906B0A00F0207A /* Release */,
			);
			defaultConfigurationIsVisible = 0;
			defaultConfigurationName = Release;
		};
/* End XCConfigurationList section */
	};
	rootObject = E0D291E819906B0A00F0207A /* Project object */;
}
